<?xml version="1.0" encoding="utf-8"?>
<Project ToolsVersion="4.0" xmlns="http://schemas.microsoft.com/developer/msbuild/2003">
  <ItemGroup>
    <ClCompile Include="Source\FriedLiver.cpp" />
    <ClCompile Include="Source\stdafx.cpp" />
    <ClCompile Include="Source\DXUT\Core\DXUT.cpp">
      <Filter>DXUT</Filter>
    </ClCompile>
    <ClCompile Include="Source\DXUT\Core\DXUTDevice9.cpp">
      <Filter>DXUT</Filter>
    </ClCompile>
    <ClCompile Include="Source\DXUT\Core\DXUTDevice11.cpp">
      <Filter>DXUT</Filter>
    </ClCompile>
    <ClCompile Include="Source\DXUT\Optional\DXUTcamera.cpp">
      <Filter>DXUT</Filter>
    </ClCompile>
    <ClCompile Include="Source\DXUT\Optional\DXUTgui.cpp">
      <Filter>DXUT</Filter>
    </ClCompile>
    <ClCompile Include="Source\DXUT\Optional\DXUTres.cpp">
      <Filter>DXUT</Filter>
    </ClCompile>
    <ClCompile Include="Source\DXUT\Optional\DXUTsettingsdlg.cpp">
      <Filter>DXUT</Filter>
    </ClCompile>
    <ClCompile Include="Source\DXUT\Optional\SDKmesh.cpp">
      <Filter>DXUT</Filter>
    </ClCompile>
    <ClCompile Include="Source\DXUT\Optional\SDKmisc.cpp">
      <Filter>DXUT</Filter>
    </ClCompile>
    <ClCompile Include="Source\DXUT\Core\DXUTmisc.cpp">
      <Filter>DXUT</Filter>
    </ClCompile>
    <ClCompile Include="Source\BinaryDumpReader.cpp">
      <Filter>Sensors</Filter>
    </ClCompile>
    <ClCompile Include="Source\RGBDSensor.cpp">
      <Filter>Sensors</Filter>
    </ClCompile>
    <ClCompile Include="Source\GlobalAppState.cpp" />
    <ClCompile Include="Source\CUDAImageManager.cpp">
      <Filter>Sensors</Filter>
    </ClCompile>
    <ClCompile Include="Source\mLib.cpp" />
    <ClCompile Include="Source\CUDACache.cpp">
      <Filter>Sensors</Filter>
    </ClCompile>
    <ClCompile Include="Source\TimingLog.cpp" />
    <ClCompile Include="Source\SiftGPU\GlobalUtil.cpp">
      <Filter>SiftGPU</Filter>
    </ClCompile>
    <ClCompile Include="Source\SiftGPU\CuTexImage.cpp">
      <Filter>SiftGPU</Filter>
    </ClCompile>
    <ClCompile Include="Source\SiftGPU\SiftPyramid.cpp">
      <Filter>SiftGPU</Filter>
    </ClCompile>
    <ClCompile Include="Source\SiftGPU\SiftGPU.cpp">
      <Filter>SiftGPU</Filter>
    </ClCompile>
    <ClCompile Include="Source\SiftGPU\SiftMatch.cpp">
      <Filter>SiftGPU</Filter>
    </ClCompile>
    <ClCompile Include="Source\SiftGPU\SIFTImageManager.cpp">
      <Filter>SiftGPU</Filter>
    </ClCompile>
    <ClCompile Include="Source\SiftGPU\SIFTMatchFilter.cpp">
      <Filter>SiftGPU</Filter>
    </ClCompile>
    <ClCompile Include="Source\Solver\CUDASolverBundling.cpp">
      <Filter>SolverBundling</Filter>
    </ClCompile>
    <ClCompile Include="Source\Bundler.cpp" />
    <ClCompile Include="Source\DepthSensing\CUDARayCastSDF.cpp">
      <Filter>DepthSensing</Filter>
    </ClCompile>
    <ClCompile Include="Source\DepthSensing\CUDAScan.cpp">
      <Filter>DepthSensing</Filter>
    </ClCompile>
    <ClCompile Include="Source\DepthSensing\CUDASceneRepChunkGrid.cpp">
      <Filter>DepthSensing</Filter>
    </ClCompile>
    <ClCompile Include="Source\DepthSensing\CUDASceneRepHashSDF.cpp">
      <Filter>DepthSensing</Filter>
    </ClCompile>
    <ClCompile Include="Source\DepthSensing\DX11CustomRenderTarget.cpp">
      <Filter>DepthSensing</Filter>
    </ClCompile>
    <ClCompile Include="Source\DepthSensing\DX11PhongLighting.cpp">
      <Filter>DepthSensing</Filter>
    </ClCompile>
    <ClCompile Include="Source\DepthSensing\DX11QuadDrawer.cpp">
      <Filter>DepthSensing</Filter>
    </ClCompile>
    <ClCompile Include="Source\DepthSensing\DX11RayIntervalSplatting.cpp">
      <Filter>DepthSensing</Filter>
    </ClCompile>
    <ClCompile Include="Source\DepthSensing\DX11RGBDRenderer.cpp">
      <Filter>DepthSensing</Filter>
    </ClCompile>
    <ClCompile Include="Source\DepthSensing\DX11Utils.cpp">
      <Filter>DepthSensing</Filter>
    </ClCompile>
    <ClCompile Include="Source\DepthSensing\StdOutputLogger.cpp">
      <Filter>DepthSensing</Filter>
    </ClCompile>
    <ClCompile Include="Source\DepthSensing\CUDAHistogramHashSDF.cpp">
      <Filter>DepthSensing</Filter>
    </ClCompile>
    <ClCompile Include="Source\DepthSensing\CUDAImageHelper.cpp">
      <Filter>DepthSensing</Filter>
    </ClCompile>
    <ClCompile Include="Source\DepthSensing\CUDAMarchingCubesHashSDF.cpp">
      <Filter>DepthSensing</Filter>
    </ClCompile>
    <ClCompile Include="Source\DepthSensing\TimingLogDepthSensing.cpp">
      <Filter>DepthSensing</Filter>
    </ClCompile>
    <ClCompile Include="Source\DepthSensing\DepthSensing.cpp">
      <Filter>DepthSensing</Filter>
    </ClCompile>
    <ClCompile Include="Source\TrajectoryManager.cpp" />
    <ClCompile Include="Source\DualGPU.cpp" />
    <ClCompile Include="Source\uplink.cpp" />
    <ClCompile Include="Source\StructureSensor.cpp">
      <Filter>Sensors</Filter>
    </ClCompile>
    <ClCompile Include="Source\ConditionManager.cpp" />
    <ClCompile Include="Source\SiftVisualization.cpp" />
    <ClCompile Include="Source\PrimeSenseSensor.cpp">
      <Filter>Sensors</Filter>
    </ClCompile>
    <ClCompile Include="Source\SBA.cpp">
      <Filter>SBA</Filter>
    </ClCompile>
    <ClCompile Include="Source\SensorDataReader.cpp">
      <Filter>Sensors</Filter>
    </ClCompile>
    <ClCompile Include="Source\CUDAImageCalibrator.cpp">
      <Filter>Sensors</Filter>
    </ClCompile>
    <ClCompile Include="Source\OnlineBundler.cpp" />
    <ClCompile Include="Source\CorrespondenceEvaluator.cpp" />
    <ClCompile Include="Source\KinectSensor.cpp">
      <Filter>Sensors</Filter>
    </ClCompile>
    <ClCompile Include="Source\KinectOneSensor.cpp">
      <Filter>Sensors</Filter>
    </ClCompile>
  </ItemGroup>
  <ItemGroup>
    <ClInclude Include="Source\FriedLiver.h" />
    <ClInclude Include="Source\stdafx.h" />
    <ClInclude Include="Source\DXUT\Core\DXUTmisc.h">
      <Filter>DXUT</Filter>
    </ClInclude>
    <ClInclude Include="Source\DXUT\Core\DXUT.h">
      <Filter>DXUT</Filter>
    </ClInclude>
    <ClInclude Include="Source\DXUT\Core\DXUTDevice9.h">
      <Filter>DXUT</Filter>
    </ClInclude>
    <ClInclude Include="Source\DXUT\Core\DXUTDevice11.h">
      <Filter>DXUT</Filter>
    </ClInclude>
    <ClInclude Include="Source\DXUT\Optional\DXUTsettingsdlg.h">
      <Filter>DXUT</Filter>
    </ClInclude>
    <ClInclude Include="Source\DXUT\Optional\SDKmesh.h">
      <Filter>DXUT</Filter>
    </ClInclude>
    <ClInclude Include="Source\DXUT\Optional\SDKmisc.h">
      <Filter>DXUT</Filter>
    </ClInclude>
    <ClInclude Include="Source\DXUT\Optional\DXUTcamera.h">
      <Filter>DXUT</Filter>
    </ClInclude>
    <ClInclude Include="Source\DXUT\Optional\DXUTgui.h">
      <Filter>DXUT</Filter>
    </ClInclude>
    <ClInclude Include="Source\DXUT\Optional\DXUTres.h">
      <Filter>DXUT</Filter>
    </ClInclude>
    <ClInclude Include="Source\BinaryDumpReader.h">
      <Filter>Sensors</Filter>
    </ClInclude>
    <ClInclude Include="Source\RGBDSensor.h">
      <Filter>Sensors</Filter>
    </ClInclude>
    <ClInclude Include="Source\GlobalAppState.h" />
    <ClInclude Include="Source\CUDAImageManager.h">
      <Filter>Sensors</Filter>
    </ClInclude>
    <ClInclude Include="Source\CUDAImageUtil.h">
      <Filter>Sensors</Filter>
    </ClInclude>
    <ClInclude Include="Source\mLib.h" />
    <ClInclude Include="Source\mLibCuda.h" />
    <ClInclude Include="Source\CUDACache.h">
      <Filter>Sensors</Filter>
    </ClInclude>
    <ClInclude Include="Source\GlobalBundlingState.h" />
    <ClInclude Include="Source\TimingLog.h" />
    <ClInclude Include="Source\SiftGPU\CUDATimer.h">
      <Filter>SiftGPU</Filter>
    </ClInclude>
    <ClInclude Include="Source\SiftGPU\cudaUtil.h">
      <Filter>SiftGPU</Filter>
    </ClInclude>
    <ClInclude Include="Source\SiftGPU\GlobalUtil.h">
      <Filter>SiftGPU</Filter>
    </ClInclude>
    <ClInclude Include="Source\SiftGPU\CuTexImage.h">
      <Filter>SiftGPU</Filter>
    </ClInclude>
    <ClInclude Include="Source\SiftGPU\ProgramCU.h">
      <Filter>SiftGPU</Filter>
    </ClInclude>
    <ClInclude Include="Source\SiftGPU\MatrixConversion.h">
      <Filter>SiftGPU</Filter>
    </ClInclude>
    <ClInclude Include="Source\SiftGPU\SiftPyramid.h">
      <Filter>SiftGPU</Filter>
    </ClInclude>
    <ClInclude Include="Source\SiftGPU\SiftGPU.h">
      <Filter>SiftGPU</Filter>
    </ClInclude>
    <ClInclude Include="Source\SiftGPU\SiftMatch.h">
      <Filter>SiftGPU</Filter>
    </ClInclude>
    <ClInclude Include="Source\SiftGPU\SIFTImageManager.h">
      <Filter>SiftGPU</Filter>
    </ClInclude>
    <ClInclude Include="Source\SiftGPU\SIFTMatchFilter.h">
      <Filter>SiftGPU</Filter>
    </ClInclude>
    <ClInclude Include="Source\PoseHelper.h" />
    <ClInclude Include="Source\Solver\ICPUtil.h">
      <Filter>SolverBundling</Filter>
    </ClInclude>
    <ClInclude Include="Source\Solver\SolverBundlingEquations.h">
      <Filter>SolverBundling</Filter>
    </ClInclude>
    <ClInclude Include="Source\Solver\SolverBundlingParameters.h">
      <Filter>SolverBundling</Filter>
    </ClInclude>
    <ClInclude Include="Source\Solver\SolverBundlingState.h">
      <Filter>SolverBundling</Filter>
    </ClInclude>
    <ClInclude Include="Source\Solver\SolverBundlingUtil.h">
      <Filter>SolverBundling</Filter>
    </ClInclude>
    <ClInclude Include="Source\Solver\CUDASolverBundling.h">
      <Filter>SolverBundling</Filter>
    </ClInclude>
    <ClInclude Include="Source\ImageHelper.h" />
    <ClInclude Include="Source\SiftGPU\cuda_kabschReference.h">
      <Filter>SiftGPU</Filter>
    </ClInclude>
    <ClInclude Include="Source\SiftGPU\cuda_EigenValue.h">
      <Filter>SiftGPU</Filter>
    </ClInclude>
    <ClInclude Include="Source\SiftGPU\cuda_kabsch.h">
      <Filter>SiftGPU</Filter>
    </ClInclude>
    <ClInclude Include="Source\SiftGPU\cuda_SimpleMatrixUtil.h">
      <Filter>SiftGPU</Filter>
    </ClInclude>
    <ClInclude Include="Source\CUDACacheUtil.h" />
    <ClInclude Include="Source\SiftGPU\cuda_surfaceArea.h">
      <Filter>SiftGPU</Filter>
    </ClInclude>
    <ClInclude Include="Source\SiftGPU\cuda_SVD.h">
      <Filter>SiftGPU</Filter>
    </ClInclude>
    <ClInclude Include="Source\Bundler.h" />
    <ClInclude Include="Source\DepthSensing\CUDAMarchingCubesHashSDF.h">
      <Filter>DepthSensing</Filter>
    </ClInclude>
    <ClInclude Include="Source\DepthSensing\CUDARayCastParams.h">
      <Filter>DepthSensing</Filter>
    </ClInclude>
    <ClInclude Include="Source\DepthSensing\CUDARayCastSDF.h">
      <Filter>DepthSensing</Filter>
    </ClInclude>
    <ClInclude Include="Source\DepthSensing\CUDAScan.h">
      <Filter>DepthSensing</Filter>
    </ClInclude>
    <ClInclude Include="Source\DepthSensing\CUDASceneRepChunkGrid.h">
      <Filter>DepthSensing</Filter>
    </ClInclude>
    <ClInclude Include="Source\DepthSensing\CUDASceneRepHashSDF.h">
      <Filter>DepthSensing</Filter>
    </ClInclude>
    <ClInclude Include="Source\DepthSensing\DepthCameraUtil.h">
      <Filter>DepthSensing</Filter>
    </ClInclude>
    <ClInclude Include="Source\DepthSensing\DX11CustomRenderTarget.h">
      <Filter>DepthSensing</Filter>
    </ClInclude>
    <ClInclude Include="Source\DepthSensing\DX11PhongLighting.h">
      <Filter>DepthSensing</Filter>
    </ClInclude>
    <ClInclude Include="Source\DepthSensing\DX11QuadDrawer.h">
      <Filter>DepthSensing</Filter>
    </ClInclude>
    <ClInclude Include="Source\DepthSensing\DX11RayIntervalSplatting.h">
      <Filter>DepthSensing</Filter>
    </ClInclude>
    <ClInclude Include="Source\DepthSensing\DX11RGBDRenderer.h">
      <Filter>DepthSensing</Filter>
    </ClInclude>
    <ClInclude Include="Source\DepthSensing\DX11Utils.h">
      <Filter>DepthSensing</Filter>
    </ClInclude>
    <ClInclude Include="Source\DepthSensing\MarchingCubesSDFUtil.h">
      <Filter>DepthSensing</Filter>
    </ClInclude>
    <ClInclude Include="Source\DepthSensing\RayCastSDFUtil.h">
      <Filter>DepthSensing</Filter>
    </ClInclude>
    <ClInclude Include="Source\DepthSensing\StdOutputLogger.h">
      <Filter>DepthSensing</Filter>
    </ClInclude>
    <ClInclude Include="Source\DepthSensing\Tables.h">
      <Filter>DepthSensing</Filter>
    </ClInclude>
    <ClInclude Include="Source\DepthSensing\Util.h">
      <Filter>DepthSensing</Filter>
    </ClInclude>
    <ClInclude Include="Source\DepthSensing\VoxelUtilHashSDF.h">
      <Filter>DepthSensing</Filter>
    </ClInclude>
    <ClInclude Include="Source\DepthSensing\BitArray.h">
      <Filter>DepthSensing</Filter>
    </ClInclude>
    <ClInclude Include="Source\DepthSensing\CameraParams.h">
      <Filter>DepthSensing</Filter>
    </ClInclude>
    <ClInclude Include="Source\DepthSensing\CUDADepthCameraParams.h">
      <Filter>DepthSensing</Filter>
    </ClInclude>
    <ClInclude Include="Source\DepthSensing\CUDAHashParams.h">
      <Filter>DepthSensing</Filter>
    </ClInclude>
    <ClInclude Include="Source\DepthSensing\CUDAHistogramHashSDF.h">
      <Filter>DepthSensing</Filter>
    </ClInclude>
    <ClInclude Include="Source\DepthSensing\CUDAImageHelper.h">
      <Filter>DepthSensing</Filter>
    </ClInclude>
    <ClInclude Include="Source\DepthSensing\TimingLogDepthSensing.h">
      <Filter>DepthSensing</Filter>
    </ClInclude>
    <ClInclude Include="Source\DepthSensing\DepthSensing.h">
      <Filter>DepthSensing</Filter>
    </ClInclude>
    <ClInclude Include="Source\SiftGPU\SiftCameraParams.h">
      <Filter>SiftGPU</Filter>
    </ClInclude>
    <ClInclude Include="Source\TrajectoryManager.h" />
    <ClInclude Include="Source\SiftGPU\SiftCameraUtil.h">
      <Filter>SiftGPU</Filter>
    </ClInclude>
    <ClInclude Include="Source\DualGPU.h" />
    <ClInclude Include="Source\StructureSensor.h">
      <Filter>Sensors</Filter>
    </ClInclude>
    <ClInclude Include="Source\ConditionManager.h" />
    <ClInclude Include="Source\SiftVisualization.h" />
    <ClInclude Include="Source\PrimeSenseSensor.h">
      <Filter>Sensors</Filter>
    </ClInclude>
    <ClInclude Include="Source\SBA.h">
      <Filter>SBA</Filter>
    </ClInclude>
    <ClInclude Include="Source\SensorDataReader.h">
      <Filter>Sensors</Filter>
    </ClInclude>
    <ClInclude Include="Source\GlobalDefines.h" />
    <ClInclude Include="Source\Solver\LieDerivUtil.h">
      <Filter>SolverBundling</Filter>
    </ClInclude>
    <ClInclude Include="Source\Solver\SolverBundlingDenseUtil.h">
      <Filter>SolverBundling</Filter>
    </ClInclude>
    <ClInclude Include="Source\CUDACameraUtil.h" />
    <ClInclude Include="Source\CUDAImageCalibrator.h">
      <Filter>Sensors</Filter>
    </ClInclude>
    <ClInclude Include="Source\OnlineBundler.h" />
    <ClInclude Include="Source\OnlineBundlerHelper.h" />
    <ClInclude Include="Source\CorrespondenceEvaluator.h" />
    <ClInclude Include="Source\KinectSensor.h">
      <Filter>Sensors</Filter>
    </ClInclude>
    <ClInclude Include="Source\KinectOneSensor.h">
      <Filter>Sensors</Filter>
    </ClInclude>
  </ItemGroup>
  <ItemGroup>
    <Filter Include="DXUT">
      <UniqueIdentifier>{3115554b-4d36-4c80-b635-06e7855241cf}</UniqueIdentifier>
    </Filter>
    <Filter Include="Sensors">
      <UniqueIdentifier>{d8cc1bbb-0889-44c1-b840-5697a564d7bb}</UniqueIdentifier>
    </Filter>
    <Filter Include="SiftGPU">
      <UniqueIdentifier>{694bcb65-5f08-4463-94a0-229cddaf3a87}</UniqueIdentifier>
    </Filter>
    <Filter Include="SolverBundling">
      <UniqueIdentifier>{a70dd124-67b4-4e19-95e2-4524ebad65c1}</UniqueIdentifier>
    </Filter>
    <Filter Include="DepthSensing">
      <UniqueIdentifier>{34a71b1c-31e1-49c5-b28a-0ba08ab941ea}</UniqueIdentifier>
    </Filter>
    <Filter Include="DepthSensing\Shader">
      <UniqueIdentifier>{2ca45fc3-51ec-409c-90d7-ee9a731fb16c}</UniqueIdentifier>
    </Filter>
    <Filter Include="SBA">
      <UniqueIdentifier>{c3dc0052-729c-4526-b930-a469d7d017a9}</UniqueIdentifier>
    </Filter>
  </ItemGroup>
  <ItemGroup>
    <CudaCompile Include="Source\CUDAImageUtil.cu">
      <Filter>Sensors</Filter>
    </CudaCompile>
    <CudaCompile Include="Source\SiftGPU\ProgramCU.cu">
      <Filter>SiftGPU</Filter>
    </CudaCompile>
    <CudaCompile Include="Source\SiftGPU\SIFTImageManager.cu">
      <Filter>SiftGPU</Filter>
    </CudaCompile>
    <CudaCompile Include="Source\Solver\SolverBundling.cu">
      <Filter>SolverBundling</Filter>
    </CudaCompile>
    <CudaCompile Include="Source\DepthSensing\CUDAMarchingCubesSDF.cu">
      <Filter>DepthSensing</Filter>
    </CudaCompile>
    <CudaCompile Include="Source\DepthSensing\CUDARayCastSDF.cu">
      <Filter>DepthSensing</Filter>
    </CudaCompile>
    <CudaCompile Include="Source\DepthSensing\CUDASceneRepChunkGrid.cu">
      <Filter>DepthSensing</Filter>
    </CudaCompile>
    <CudaCompile Include="Source\DepthSensing\CUDASceneRepHashSDF.cu">
      <Filter>DepthSensing</Filter>
    </CudaCompile>
    <CudaCompile Include="Source\DepthSensing\ScanCS.cu">
      <Filter>DepthSensing</Filter>
    </CudaCompile>
    <CudaCompile Include="Source\DepthSensing\CameraUtil.cu">
      <Filter>DepthSensing</Filter>
    </CudaCompile>
    <CudaCompile Include="Source\DepthSensing\CUDAConstant.cu">
      <Filter>DepthSensing</Filter>
    </CudaCompile>
    <CudaCompile Include="Source\DepthSensing\CUDAHistogramHashSDF.cu">
      <Filter>DepthSensing</Filter>
    </CudaCompile>
    <CudaCompile Include="Source\DepthSensing\CUDAImageHelper.cu">
      <Filter>DepthSensing</Filter>
    </CudaCompile>
    <CudaCompile Include="Source\SiftGPU\CUDASiftConstant.cu">
      <Filter>SiftGPU</Filter>
    </CudaCompile>
    <CudaCompile Include="Source\SBA.cu">
      <Filter>SBA</Filter>
    </CudaCompile>
    <CudaCompile Include="Source\CUDACache.cu">
      <Filter>Sensors</Filter>
    </CudaCompile>
    <CudaCompile Include="Source\OnlineBundler.cu" />
  </ItemGroup>
  <ItemGroup>
    <FxCompile Include="Shaders\QuadDrawer.hlsl">
      <Filter>DepthSensing\Shader</Filter>
    </FxCompile>
    <FxCompile Include="Shaders\RayIntervalSplatting.hlsl">
      <Filter>DepthSensing\Shader</Filter>
    </FxCompile>
    <FxCompile Include="Shaders\RGBDRenderer.hlsl">
      <Filter>DepthSensing\Shader</Filter>
    </FxCompile>
    <FxCompile Include="Shaders\PhongLighting.hlsl">
      <Filter>DepthSensing\Shader</Filter>
    </FxCompile>
  </ItemGroup>
</Project>